
Microsoft Visual Studio Solution File, Format Version 12.00
# Visual Studio Version 16
VisualStudioVersion = 25.0.1706.7
MinimumVisualStudioVersion = 10.0.40219.1
Project("{FAE04EC0-301F-11D3-BF4B-00C04F79EFBC}") = "Cars", "Cars\Cars.csproj", "{5C6F4223-CADA-4FB9-A17E-063503CC88FB}"
EndProject
Global
	GlobalSection(SolutionConfigurationPlatforms) = preSolution
		Debug|Any CPU = Debug|Any CPU
		Release|Any CPU = Release|Any CPU
	EndGlobalSection
	GlobalSection(ProjectConfigurationPlatforms) = postSolution
		{5C6F4223-CADA-4FB9-A17E-063503CC88FB}.Debug|Any CPU.ActiveCfg = Debug|Any CPU
		{5C6F4223-CADA-4FB9-A17E-063503CC88FB}.Debug|Any CPU.Build.0 = Debug|Any CPU
		{5C6F4223-CADA-4FB9-A17E-063503CC88FB}.Release|Any CPU.ActiveCfg = Release|Any CPU
		{5C6F4223-CADA-4FB9-A17E-063503CC88FB}.Release|Any CPU.Build.0 = Release|Any CPU
	EndGlobalSection
	GlobalSection(SolutionProperties) = preSolution
		HideSolutionNode = FALSE
	EndGlobalSection
	GlobalSection(ExtensibilityGlobals) = postSolution
		SolutionGuid = {99269BAD-10C5-417E-B6AF-DCE471E3BF90}
	EndGlobalSection
EndGlobal
